
Microsoft Visual Studio Solution File, Format Version 12.00
# Visual Studio Version 17
VisualStudioVersion = 17.6.33723.286
MinimumVisualStudioVersion = 10.0.40219.1
Project("{8BC9CEB8-8B4A-11D0-8D11-00A0C91BC942}") = "Задача 1. Возведение в квадрат", "Задача 1. Возведение в квадрат.vcxproj", "{70A1F89C-8888-48DD-AA4A-4F2FB1074249}"
EndProject
Global
	GlobalSection(SolutionConfigurationPlatforms) = preSolution
		Debug|x64 = Debug|x64
		Debug|x86 = Debug|x86
		Release|x64 = Release|x64
		Release|x86 = Release|x86
	EndGlobalSection
	GlobalSection(ProjectConfigurationPlatforms) = postSolution
		{70A1F89C-8888-48DD-AA4A-4F2FB1074249}.Debug|x64.ActiveCfg = Debug|x64
		{70A1F89C-8888-48DD-AA4A-4F2FB1074249}.Debug|x64.Build.0 = Debug|x64
		{70A1F89C-8888-48DD-AA4A-4F2FB1074249}.Debug|x86.ActiveCfg = Debug|Win32
		{70A1F89C-8888-48DD-AA4A-4F2FB1074249}.Debug|x86.Build.0 = Debug|Win32
		{70A1F89C-8888-48DD-AA4A-4F2FB1074249}.Release|x64.ActiveCfg = Release|x64
		{70A1F89C-8888-48DD-AA4A-4F2FB1074249}.Release|x64.Build.0 = Release|x64
		{70A1F89C-8888-48DD-AA4A-4F2FB1074249}.Release|x86.ActiveCfg = Release|Win32
		{70A1F89C-8888-48DD-AA4A-4F2FB1074249}.Release|x86.Build.0 = Release|Win32
	EndGlobalSection
	GlobalSection(SolutionProperties) = preSolution
		HideSolutionNode = FALSE
	EndGlobalSection
	GlobalSection(ExtensibilityGlobals) = postSolution
		SolutionGuid = {A3A005FD-1D36-4B21-93AE-715DE7961F76}
	EndGlobalSection
EndGlobal
