
Microsoft Visual Studio Solution File, Format Version 12.00
# Visual Studio Version 17
VisualStudioVersion = 17.6.33723.286
MinimumVisualStudioVersion = 10.0.40219.1
Project("{8BC9CEB8-8B4A-11D0-8D11-00A0C91BC942}") = "Задание 3. Паттерн «Цепочка ответственности»", "Задание 3. Паттерн «Цепочка ответственности».vcxproj", "{E5AF5F35-B78B-408C-A6D4-C2E3FAD09358}"
EndProject
Global
	GlobalSection(SolutionConfigurationPlatforms) = preSolution
		Debug|x64 = Debug|x64
		Debug|x86 = Debug|x86
		Release|x64 = Release|x64
		Release|x86 = Release|x86
	EndGlobalSection
	GlobalSection(ProjectConfigurationPlatforms) = postSolution
		{E5AF5F35-B78B-408C-A6D4-C2E3FAD09358}.Debug|x64.ActiveCfg = Debug|x64
		{E5AF5F35-B78B-408C-A6D4-C2E3FAD09358}.Debug|x64.Build.0 = Debug|x64
		{E5AF5F35-B78B-408C-A6D4-C2E3FAD09358}.Debug|x86.ActiveCfg = Debug|Win32
		{E5AF5F35-B78B-408C-A6D4-C2E3FAD09358}.Debug|x86.Build.0 = Debug|Win32
		{E5AF5F35-B78B-408C-A6D4-C2E3FAD09358}.Release|x64.ActiveCfg = Release|x64
		{E5AF5F35-B78B-408C-A6D4-C2E3FAD09358}.Release|x64.Build.0 = Release|x64
		{E5AF5F35-B78B-408C-A6D4-C2E3FAD09358}.Release|x86.ActiveCfg = Release|Win32
		{E5AF5F35-B78B-408C-A6D4-C2E3FAD09358}.Release|x86.Build.0 = Release|Win32
	EndGlobalSection
	GlobalSection(SolutionProperties) = preSolution
		HideSolutionNode = FALSE
	EndGlobalSection
	GlobalSection(ExtensibilityGlobals) = postSolution
		SolutionGuid = {3ACD19E2-203D-4952-8282-19F26E5ED6C3}
	EndGlobalSection
EndGlobal
