
Microsoft Visual Studio Solution File, Format Version 12.00
# Visual Studio Version 17
VisualStudioVersion = 17.6.33723.286
MinimumVisualStudioVersion = 10.0.40219.1
Project("{8BC9CEB8-8B4A-11D0-8D11-00A0C91BC942}") = "Task1 Adresses", "Task1 Adresses\Task1 Adresses.vcxproj", "{B50DC1D2-AC75-4E1F-819B-B777BD4E355D}"
EndProject
Global
	GlobalSection(SolutionConfigurationPlatforms) = preSolution
		Debug|x64 = Debug|x64
		Debug|x86 = Debug|x86
		Release|x64 = Release|x64
		Release|x86 = Release|x86
	EndGlobalSection
	GlobalSection(ProjectConfigurationPlatforms) = postSolution
		{B50DC1D2-AC75-4E1F-819B-B777BD4E355D}.Debug|x64.ActiveCfg = Debug|x64
		{B50DC1D2-AC75-4E1F-819B-B777BD4E355D}.Debug|x64.Build.0 = Debug|x64
		{B50DC1D2-AC75-4E1F-819B-B777BD4E355D}.Debug|x86.ActiveCfg = Debug|Win32
		{B50DC1D2-AC75-4E1F-819B-B777BD4E355D}.Debug|x86.Build.0 = Debug|Win32
		{B50DC1D2-AC75-4E1F-819B-B777BD4E355D}.Release|x64.ActiveCfg = Release|x64
		{B50DC1D2-AC75-4E1F-819B-B777BD4E355D}.Release|x64.Build.0 = Release|x64
		{B50DC1D2-AC75-4E1F-819B-B777BD4E355D}.Release|x86.ActiveCfg = Release|Win32
		{B50DC1D2-AC75-4E1F-819B-B777BD4E355D}.Release|x86.Build.0 = Release|Win32
	EndGlobalSection
	GlobalSection(SolutionProperties) = preSolution
		HideSolutionNode = FALSE
	EndGlobalSection
	GlobalSection(ExtensibilityGlobals) = postSolution
		SolutionGuid = {5469B5DE-6ADA-485B-8349-DEB7971820C3}
	EndGlobalSection
EndGlobal
